
Microsoft Visual Studio Solution File, Format Version 12.00
# Visual Studio Version 17
VisualStudioVersion = 17.0.32112.339
MinimumVisualStudioVersion = 10.0.40219.1
Project("{9A19103F-16F7-4668-BE54-9A1E7A4F7556}") = "Lab_3_1", "Lab_3_1.csproj", "{1220047C-8061-4C08-9234-930A7B3C4215}"
EndProject
Project("{FAE04EC0-301F-11D3-BF4B-00C04F79EFBC}") = "FileManagement", "..\FileManagement\FileManagement.csproj", "{FD244813-75EF-4C53-B306-5C9ECD35E967}"
EndProject
Global
	GlobalSection(SolutionConfigurationPlatforms) = preSolution
		Debug|Any CPU = Debug|Any CPU
		Release|Any CPU = Release|Any CPU
	EndGlobalSection
	GlobalSection(ProjectConfigurationPlatforms) = postSolution
		{1220047C-8061-4C08-9234-930A7B3C4215}.Debug|Any CPU.ActiveCfg = Debug|Any CPU
		{1220047C-8061-4C08-9234-930A7B3C4215}.Debug|Any CPU.Build.0 = Debug|Any CPU
		{1220047C-8061-4C08-9234-930A7B3C4215}.Release|Any CPU.ActiveCfg = Release|Any CPU
		{1220047C-8061-4C08-9234-930A7B3C4215}.Release|Any CPU.Build.0 = Release|Any CPU
		{FD244813-75EF-4C53-B306-5C9ECD35E967}.Debug|Any CPU.ActiveCfg = Debug|Any CPU
		{FD244813-75EF-4C53-B306-5C9ECD35E967}.Debug|Any CPU.Build.0 = Debug|Any CPU
		{FD244813-75EF-4C53-B306-5C9ECD35E967}.Release|Any CPU.ActiveCfg = Release|Any CPU
		{FD244813-75EF-4C53-B306-5C9ECD35E967}.Release|Any CPU.Build.0 = Release|Any CPU
	EndGlobalSection
	GlobalSection(SolutionProperties) = preSolution
		HideSolutionNode = FALSE
	EndGlobalSection
	GlobalSection(ExtensibilityGlobals) = postSolution
		SolutionGuid = {224397B8-037A-473B-BD3A-5F1DA0360600}
	EndGlobalSection
EndGlobal
